# THIS IS AN AUTOGENERATED FILE. DO NOT EDIT THIS FILE DIRECTLY.
# yarn lockfile v1


picocolors@^1.0.0:
  version "1.0.0"
  resolved "https://registry.yarnpkg.com/picocolors/-/picocolors-1.0.0.tgz#cb5bdc74ff3f51892236eaf79d68bc44564ab81c"
  integrity sha512-1fygroTLlHu66zi26VoTDv8yRgm0Fccecssto+MhsZ0D/DGW2sm8E8AjW7NU5VVTRt5GxbeZ5qBuJr+HyLYkjQ==

picomatch@^2.3.1:
  version "2.3.1"
  resolved "https://registry.yarnpkg.com/picomatch/-/picomatch-2.3.1.tgz#3ba3833733646d9d3e4995946c1365a67fb07a42"
  integrity sha512-JU3teHTNjmE2VCGFzuY8EXzCDVwEqB2a8fsIvwaStHhAWJEeVd1o1QD80CU6+ZdEXXSLbSsuLwJjkCBWqRQUVA==

vite-plugin-full-reload@^1.1.0:
  version "1.1.0"
  resolved "https://registry.yarnpkg.com/vite-plugin-full-reload/-/vite-plugin-full-reload-1.1.0.tgz#ca6fa32631024a459ea9e5613dd4c0ff0f3b7995"
  integrity sha512-3cObNDzX6DdfhD9E7kf6w2mNunFpD7drxyNgHLw+XwIYAgb+Xt16SEXo0Up4VH+TMf3n+DSVJZtW2POBGcBYAA==
  dependencies:
    picocolors "^1.0.0"
    picomatch "^2.3.1"
